
Microsoft Visual Studio Solution File, Format Version 12.00
# Visual Studio Version 17
VisualStudioVersion = 17.3.32929.385
MinimumVisualStudioVersion = 10.0.40219.1
Project("{FAE04EC0-301F-11D3-BF4B-00C04F79EFBC}") = "OptimaTable", "RaspsianieGovna\OptimaTable.csproj", "{85B3F348-976E-4490-8771-22A71A5F8B00}"
EndProject
Global
	GlobalSection(SolutionConfigurationPlatforms) = preSolution
		Debug|Any CPU = Debug|Any CPU
		Release|Any CPU = Release|Any CPU
	EndGlobalSection
	GlobalSection(ProjectConfigurationPlatforms) = postSolution
		{85B3F348-976E-4490-8771-22A71A5F8B00}.Debug|Any CPU.ActiveCfg = Debug|Any CPU
		{85B3F348-976E-4490-8771-22A71A5F8B00}.Debug|Any CPU.Build.0 = Debug|Any CPU
		{85B3F348-976E-4490-8771-22A71A5F8B00}.Release|Any CPU.ActiveCfg = Release|Any CPU
		{85B3F348-976E-4490-8771-22A71A5F8B00}.Release|Any CPU.Build.0 = Release|Any CPU
	EndGlobalSection
	GlobalSection(SolutionProperties) = preSolution
		HideSolutionNode = FALSE
	EndGlobalSection
	GlobalSection(ExtensibilityGlobals) = postSolution
		SolutionGuid = {7A7F991A-8D53-4A20-923F-9FBB7D288E31}
	EndGlobalSection
EndGlobal
